// !$*UTF8*$!
{
	archiveVersion = 1;
	classes = {
	};
	objectVersion = 46;
	objects = {

/* Begin PBXBuildFile section */
		104D0B2A19CDD5C6005EAB07 /* AppDelegate.swift in Sources */ = {isa = PBXBuildFile; fileRef = 104D0B2919CDD5C6005EAB07 /* AppDelegate.swift */; };
		104D0B2C19CDD5C6005EAB07 /* ViewController.swift in Sources */ = {isa = PBXBuildFile; fileRef = 104D0B2B19CDD5C6005EAB07 /* ViewController.swift */; };
		104D0B2F19CDD5C6005EAB07 /* Main.storyboard in Resources */ = {isa = PBXBuildFile; fileRef = 104D0B2D19CDD5C6005EAB07 /* Main.storyboard */; };
		104D0B3119CDD5C6005EAB07 /* Images.xcassets in Resources */ = {isa = PBXBuildFile; fileRef = 104D0B3019CDD5C6005EAB07 /* Images.xcassets */; };
		104D0B3419CDD5C6005EAB07 /* LaunchScreen.xib in Resources */ = {isa = PBXBuildFile; fileRef = 104D0B3219CDD5C6005EAB07 /* LaunchScreen.xib */; };
		104D0B4019CDD5C6005EAB07 /* iSpyTests.swift in Sources */ = {isa = PBXBuildFile; fileRef = 104D0B3F19CDD5C6005EAB07 /* iSpyTests.swift */; };
/* End PBXBuildFile section */

/* Begin PBXContainerItemProxy section */
		104D0B3A19CDD5C6005EAB07 /* PBXContainerItemProxy */ = {
			isa = PBXContainerItemProxy;
			containerPortal = 104D0B1C19CDD5C6005EAB07 /* Project object */;
			proxyType = 1;
			remoteGlobalIDString = 104D0B2319CDD5C6005EAB07;
			remoteInfo = iSpy;
		};
/* End PBXContainerItemProxy section */

/* Begin PBXFileReference section */
		104D0B2419CDD5C6005EAB07 /* iSpy.app */ = {isa = PBXFileReference; explicitFileType = wrapper.application; includeInIndex = 0; path = iSpy.app; sourceTree = BUILT_PRODUCTS_DIR; };
		104D0B2819CDD5C6005EAB07 /* Info.plist */ = {isa = PBXFileReference; lastKnownFileType = text.plist.xml; path = Info.plist; sourceTree = "<group>"; };
		104D0B2919CDD5C6005EAB07 /* AppDelegate.swift */ = {isa = PBXFileReference; lastKnownFileType = sourcecode.swift; path = AppDelegate.swift; sourceTree = "<group>"; };
		104D0B2B19CDD5C6005EAB07 /* ViewController.swift */ = {isa = PBXFileReference; lastKnownFileType = sourcecode.swift; path = ViewController.swift; sourceTree = "<group>"; };
		104D0B2E19CDD5C6005EAB07 /* Base */ = {isa = PBXFileReference; lastKnownFileType = file.storyboard; name = Base; path = Base.lproj/Main.storyboard; sourceTree = "<group>"; };
		104D0B3019CDD5C6005EAB07 /* Images.xcassets */ = {isa = PBXFileReference; lastKnownFileType = folder.assetcatalog; path = Images.xcassets; sourceTree = "<group>"; };
		104D0B3319CDD5C6005EAB07 /* Base */ = {isa = PBXFileReference; lastKnownFileType = file.xib; name = Base; path = Base.lproj/LaunchScreen.xib; sourceTree = "<group>"; };
		104D0B3919CDD5C6005EAB07 /* iSpyTests.xctest */ = {isa = PBXFileReference; explicitFileType = wrapper.cfbundle; includeInIndex = 0; path = iSpyTests.xctest; sourceTree = BUILT_PRODUCTS_DIR; };
		104D0B3E19CDD5C6005EAB07 /* Info.plist */ = {isa = PBXFileReference; lastKnownFileType = text.plist.xml; path = Info.plist; sourceTree = "<group>"; };
		104D0B3F19CDD5C6005EAB07 /* iSpyTests.swift */ = {isa = PBXFileReference; lastKnownFileType = sourcecode.swift; path = iSpyTests.swift; sourceTree = "<group>"; };
/* End PBXFileReference section */

/* Begin PBXFrameworksBuildPhase section */
		104D0B2119CDD5C6005EAB07 /* Frameworks */ = {
			isa = PBXFrameworksBuildPhase;
			buildActionMask = 2147483647;
			files = (
			);
			runOnlyForDeploymentPostprocessing = 0;
		};
		104D0B3619CDD5C6005EAB07 /* Frameworks */ = {
			isa = PBXFrameworksBuildPhase;
			buildActionMask = 2147483647;
			files = (
			);
			runOnlyForDeploymentPostprocessing = 0;
		};
/* End PBXFrameworksBuildPhase section */

/* Begin PBXGroup section */
		104D0B1B19CDD5C6005EAB07 = {
			isa = PBXGroup;
			children = (
				104D0B2619CDD5C6005EAB07 /* iSpy */,
				104D0B3C19CDD5C6005EAB07 /* iSpyTests */,
				104D0B2519CDD5C6005EAB07 /* Products */,
			);
			sourceTree = "<group>";
		};
		104D0B2519CDD5C6005EAB07 /* Products */ = {
			isa = PBXGroup;
			children = (
				104D0B2419CDD5C6005EAB07 /* iSpy.app */,
				104D0B3919CDD5C6005EAB07 /* iSpyTests.xctest */,
			);
			name = Products;
			sourceTree = "<group>";
		};
		104D0B2619CDD5C6005EAB07 /* iSpy */ = {
			isa = PBXGroup;
			children = (
				104D0B2919CDD5C6005EAB07 /* AppDelegate.swift */,
				104D0B2B19CDD5C6005EAB07 /* ViewController.swift */,
				104D0B2D19CDD5C6005EAB07 /* Main.storyboard */,
				104D0B3019CDD5C6005EAB07 /* Images.xcassets */,
				104D0B3219CDD5C6005EAB07 /* LaunchScreen.xib */,
				104D0B2719CDD5C6005EAB07 /* Supporting Files */,
			);
			path = iSpy;
			sourceTree = "<group>";
		};
		104D0B2719CDD5C6005EAB07 /* Supporting Files */ = {
			isa = PBXGroup;
			children = (
				104D0B2819CDD5C6005EAB07 /* Info.plist */,
			);
			name = "Supporting Files";
			sourceTree = "<group>";
		};
		104D0B3C19CDD5C6005EAB07 /* iSpyTests */ = {
			isa = PBXGroup;
			children = (
				104D0B3F19CDD5C6005EAB07 /* iSpyTests.swift */,
				104D0B3D19CDD5C6005EAB07 /* Supporting Files */,
			);
			path = iSpyTests;
			sourceTree = "<group>";
		};
		104D0B3D19CDD5C6005EAB07 /* Supporting Files */ = {
			isa = PBXGroup;
			children = (
				104D0B3E19CDD5C6005EAB07 /* Info.plist */,
			);
			name = "Supporting Files";
			sourceTree = "<group>";
		};
/* End PBXGroup section */

/* Begin PBXNativeTarget section */
		104D0B2319CDD5C6005EAB07 /* iSpy */ = {
			isa = PBXNativeTarget;
			buildConfigurationList = 104D0B4319CDD5C6005EAB07 /* Build configuration list for PBXNativeTarget "iSpy" */;
			buildPhases = (
				104D0B2019CDD5C6005EAB07 /* Sources */,
				104D0B2119CDD5C6005EAB07 /* Frameworks */,
				104D0B2219CDD5C6005EAB07 /* Resources */,
			);
			buildRules = (
			);
			dependencies = (
			);
			name = iSpy;
			productName = iSpy;
			productReference = 104D0B2419CDD5C6005EAB07 /* iSpy.app */;
			productType = "com.apple.product-type.application";
		};
		104D0B3819CDD5C6005EAB07 /* iSpyTests */ = {
			isa = PBXNativeTarget;
			buildConfigurationList = 104D0B4619CDD5C6005EAB07 /* Build configuration list for PBXNativeTarget "iSpyTests" */;
			buildPhases = (
				104D0B3519CDD5C6005EAB07 /* Sources */,
				104D0B3619CDD5C6005EAB07 /* Frameworks */,
				104D0B3719CDD5C6005EAB07 /* Resources */,
			);
			buildRules = (
			);
			dependencies = (
				104D0B3B19CDD5C6005EAB07 /* PBXTargetDependency */,
			);
			name = iSpyTests;
			productName = iSpyTests;
			productReference = 104D0B3919CDD5C6005EAB07 /* iSpyTests.xctest */;
			productType = "com.apple.product-type.bundle.unit-test";
		};
/* End PBXNativeTarget section */

/* Begin PBXProject section */
		104D0B1C19CDD5C6005EAB07 /* Project object */ = {
			isa = PBXProject;
			attributes = {
				LastUpgradeCheck = 0600;
				ORGANIZATIONNAME = "brett davis";
				TargetAttributes = {
					104D0B2319CDD5C6005EAB07 = {
						CreatedOnToolsVersion = 6.0.1;
						DevelopmentTeam = KU3MSY6PV2;
					};
					104D0B3819CDD5C6005EAB07 = {
						CreatedOnToolsVersion = 6.0.1;
						TestTargetID = 104D0B2319CDD5C6005EAB07;
					};
				};
			};
			buildConfigurationList = 104D0B1F19CDD5C6005EAB07 /* Build configuration list for PBXProject "iSpy" */;
			compatibilityVersion = "Xcode 3.2";
			developmentRegion = English;
			hasScannedForEncodings = 0;
			knownRegions = (
				en,
				Base,
			);
			mainGroup = 104D0B1B19CDD5C6005EAB07;
			productRefGroup = 104D0B2519CDD5C6005EAB07 /* Products */;
			projectDirPath = "";
			projectRoot = "";
			targets = (
				104D0B2319CDD5C6005EAB07 /* iSpy */,
				104D0B3819CDD5C6005EAB07 /* iSpyTests */,
			);
		};
/* End PBXProject section */

/* Begin PBXResourcesBuildPhase section */
		104D0B2219CDD5C6005EAB07 /* Resources */ = {
			isa = PBXResourcesBuildPhase;
			buildActionMask = 2147483647;
			files = (
				104D0B2F19CDD5C6005EAB07 /* Main.storyboard in Resources */,
				104D0B3419CDD5C6005EAB07 /* LaunchScreen.xib in Resources */,
				104D0B3119CDD5C6005EAB07 /* Images.xcassets in Resources */,
			);
			runOnlyForDeploymentPostprocessing = 0;
		};
		104D0B3719CDD5C6005EAB07 /* Resources */ = {
			isa = PBXResourcesBuildPhase;
			buildActionMask = 2147483647;
			files = (
			);
			runOnlyForDeploymentPostprocessing = 0;
		};
/* End PBXResourcesBuildPhase section */

/* Begin PBXSourcesBuildPhase section */
		104D0B2019CDD5C6005EAB07 /* Sources */ = {
			isa = PBXSourcesBuildPhase;
			buildActionMask = 2147483647;
			files = (
				104D0B2C19CDD5C6005EAB07 /* ViewController.swift in Sources */,
				104D0B2A19CDD5C6005EAB07 /* AppDelegate.swift in Sources */,
			);
			runOnlyForDeploymentPostprocessing = 0;
		};
		104D0B3519CDD5C6005EAB07 /* Sources */ = {
			isa = PBXSourcesBuildPhase;
			buildActionMask = 2147483647;
			files = (
				104D0B4019CDD5C6005EAB07 /* iSpyTests.swift in Sources */,
			);
			runOnlyForDeploymentPostprocessing = 0;
		};
/* End PBXSourcesBuildPhase section */

/* Begin PBXTargetDependency section */
		104D0B3B19CDD5C6005EAB07 /* PBXTargetDependency */ = {
			isa = PBXTargetDependency;
			target = 104D0B2319CDD5C6005EAB07 /* iSpy */;
			targetProxy = 104D0B3A19CDD5C6005EAB07 /* PBXContainerItemProxy */;
		};
/* End PBXTargetDependency section */

/* Begin PBXVariantGroup section */
		104D0B2D19CDD5C6005EAB07 /* Main.storyboard */ = {
			isa = PBXVariantGroup;
			children = (
				104D0B2E19CDD5C6005EAB07 /* Base */,
			);
			name = Main.storyboard;
			sourceTree = "<group>";
		};
		104D0B3219CDD5C6005EAB07 /* LaunchScreen.xib */ = {
			isa = PBXVariantGroup;
			children = (
				104D0B3319CDD5C6005EAB07 /* Base */,
			);
			name = LaunchScreen.xib;
			sourceTree = "<group>";
		};
/* End PBXVariantGroup section */

/* Begin XCBuildConfiguration section */
		104D0B4119CDD5C6005EAB07 /* Debug */ = {
			isa = XCBuildConfiguration;
			buildSettings = {
				ALWAYS_SEARCH_USER_PATHS = NO;
				CLANG_CXX_LANGUAGE_STANDARD = "gnu++0x";
				CLANG_CXX_LIBRARY = "libc++";
				CLANG_ENABLE_MODULES = YES;
				CLANG_ENABLE_OBJC_ARC = YES;
				CLANG_WARN_BOOL_CONVERSION = YES;
				CLANG_WARN_CONSTANT_CONVERSION = YES;
				CLANG_WARN_DIRECT_OBJC_ISA_USAGE = YES_ERROR;
				CLANG_WARN_EMPTY_BODY = YES;
				CLANG_WARN_ENUM_CONVERSION = YES;
				CLANG_WARN_INT_CONVERSION = YES;
				CLANG_WARN_OBJC_ROOT_CLASS = YES_ERROR;
				CLANG_WARN_UNREACHABLE_CODE = YES;
				CLANG_WARN__DUPLICATE_METHOD_MATCH = YES;
				"CODE_SIGN_IDENTITY[sdk=iphoneos*]" = "iPhone Developer";
				COPY_PHASE_STRIP = NO;
				ENABLE_STRICT_OBJC_MSGSEND = YES;
				GCC_C_LANGUAGE_STANDARD = gnu99;
				GCC_DYNAMIC_NO_PIC = NO;
				GCC_OPTIMIZATION_LEVEL = 0;
				GCC_PREPROCESSOR_DEFINITIONS = (
					"DEBUG=1",
					"$(inherited)",
				);
				GCC_SYMBOLS_PRIVATE_EXTERN = NO;
				GCC_WARN_64_TO_32_BIT_CONVERSION = YES;
				GCC_WARN_ABOUT_RETURN_TYPE = YES_ERROR;
				GCC_WARN_UNDECLARED_SELECTOR = YES;
				GCC_WARN_UNINITIALIZED_AUTOS = YES_AGGRESSIVE;
				GCC_WARN_UNUSED_FUNCTION = YES;
				GCC_WARN_UNUSED_VARIABLE = YES;
				IPHONEOS_DEPLOYMENT_TARGET = 8.0;
				MTL_ENABLE_DEBUG_INFO = YES;
				ONLY_ACTIVE_ARCH = YES;
				SDKROOT = iphoneos;
				SWIFT_OPTIMIZATION_LEVEL = "-Onone";
				TARGETED_DEVICE_FAMILY = "1,2";
			};
			name = Debug;
		};
		104D0B4219CDD5C6005EAB07 /* Release */ = {
			isa = XCBuildConfiguration;
			buildSettings = {
				ALWAYS_SEARCH_USER_PATHS = NO;
				CLANG_CXX_LANGUAGE_STANDARD = "gnu++0x";
				CLANG_CXX_LIBRARY = "libc++";
				CLANG_ENABLE_MODULES = YES;
				CLANG_ENABLE_OBJC_ARC = YES;
				CLANG_WARN_BOOL_CONVERSION = YES;
				CLANG_WARN_CONSTANT_CONVERSION = YES;
				CLANG_WARN_DIRECT_OBJC_ISA_USAGE = YES_ERROR;
				CLANG_WARN_EMPTY_BODY = YES;
				CLANG_WARN_ENUM_CONVERSION = YES;
				CLANG_WARN_INT_CONVERSION = YES;
				CLANG_WARN_OBJC_ROOT_CLASS = YES_ERROR;
				CLANG_WARN_UNREACHABLE_CODE = YES;
				CLANG_WARN__DUPLICATE_METHOD_MATCH = YES;
				"CODE_SIGN_IDENTITY[sdk=iphoneos*]" = "iPhone Developer";
				COPY_PHASE_STRIP = YES;
				ENABLE_NS_ASSERTIONS = NO;
				ENABLE_STRICT_OBJC_MSGSEND = YES;
				GCC_C_LANGUAGE_STANDARD = gnu99;
				GCC_WARN_64_TO_32_BIT_CONVERSION = YES;
				GCC_WARN_ABOUT_RETURN_TYPE = YES_ERROR;
				GCC_WARN_UNDECLARED_SELECTOR = YES;
				GCC_WARN_UNINITIALIZED_AUTOS = YES_AGGRESSIVE;
				GCC_WARN_UNUSED_FUNCTION = YES;
				GCC_WARN_UNUSED_VARIABLE = YES;
				IPHONEOS_DEPLOYMENT_TARGET = 8.0;
				MTL_ENABLE_DEBUG_INFO = NO;
				SDKROOT = iphoneos;
				TARGETED_DEVICE_FAMILY = "1,2";
				VALIDATE_PRODUCT = YES;
			};
			name = Release;
		};
		104D0B4419CDD5C6005EAB07 /* Debug */ = {
			isa = XCBuildConfiguration;
			buildSettings = {
				ASSETCATALOG_COMPILER_APPICON_NAME = AppIcon;
				CODE_SIGN_IDENTITY = "iPhone Developer";
				INFOPLIST_FILE = iSpy/Info.plist;
				IPHONEOS_DEPLOYMENT_TARGET = 7.1;
				LD_RUNPATH_SEARCH_PATHS = "$(inherited) @executable_path/Frameworks";
				PRODUCT_NAME = "$(TARGET_NAME)";
			};
			name = Debug;
		};
		104D0B4519CDD5C6005EAB07 /* Release */ = {
			isa = XCBuildConfiguration;
			buildSettings = {
				ASSETCATALOG_COMPILER_APPICON_NAME = AppIcon;
				CODE_SIGN_IDENTITY = "iPhone Developer";
				INFOPLIST_FILE = iSpy/Info.plist;
				IPHONEOS_DEPLOYMENT_TARGET = 7.1;
				LD_RUNPATH_SEARCH_PATHS = "$(inherited) @executable_path/Frameworks";
				PRODUCT_NAME = "$(TARGET_NAME)";
			};
			name = Release;
		};
		104D0B4719CDD5C6005EAB07 /* Debug */ = {
			isa = XCBuildConfiguration;
			buildSettings = {
				BUNDLE_LOADER = "$(TEST_HOST)";
				FRAMEWORK_SEARCH_PATHS = (
					"$(SDKROOT)/Developer/Library/Frameworks",
					"$(inherited)",
				);
				GCC_PREPROCESSOR_DEFINITIONS = (
					"DEBUG=1",
					"$(inherited)",
				);
				INFOPLIST_FILE = iSpyTests/Info.plist;
				LD_RUNPATH_SEARCH_PATHS = "$(inherited) @executable_path/Frameworks @loader_path/Frameworks";
				PRODUCT_NAME = "$(TARGET_NAME)";
				TEST_HOST = "$(BUILT_PRODUCTS_DIR)/iSpy.app/iSpy";
			};
			name = Debug;
		};
		104D0B4819CDD5C6005EAB07 /* Release */ = {
			isa = XCBuildConfiguration;
			buildSettings = {
				BUNDLE_LOADER = "$(TEST_HOST)";
				FRAMEWORK_SEARCH_PATHS = (
					"$(SDKROOT)/Developer/Library/Frameworks",
					"$(inherited)",
				);
				INFOPLIST_FILE = iSpyTests/Info.plist;
				LD_RUNPATH_SEARCH_PATHS = "$(inherited) @executable_path/Frameworks @loader_path/Frameworks";
				PRODUCT_NAME = "$(TARGET_NAME)";
				TEST_HOST = "$(BUILT_PRODUCTS_DIR)/iSpy.app/iSpy";
			};
			name = Release;
		};
/* End XCBuildConfiguration section */

/* Begin XCConfigurationList section */
		104D0B1F19CDD5C6005EAB07 /* Build configuration list for PBXProject "iSpy" */ = {
			isa = XCConfigurationList;
			buildConfigurations = (
				104D0B4119CDD5C6005EAB07 /* Debug */,
				104D0B4219CDD5C6005EAB07 /* Release */,
			);
			defaultConfigurationIsVisible = 0;
			defaultConfigurationName = Release;
		};
		104D0B4319CDD5C6005EAB07 /* Build configuration list for PBXNativeTarget "iSpy" */ = {
			isa = XCConfigurationList;
			buildConfigurations = (
				104D0B4419CDD5C6005EAB07 /* Debug */,
				104D0B4519CDD5C6005EAB07 /* Release */,
			);
			defaultConfigurationIsVisible = 0;
			defaultConfigurationName = Release;
		};
		104D0B4619CDD5C6005EAB07 /* Build configuration list for PBXNativeTarget "iSpyTests" */ = {
			isa = XCConfigurationList;
			buildConfigurations = (
				104D0B4719CDD5C6005EAB07 /* Debug */,
				104D0B4819CDD5C6005EAB07 /* Release */,
			);
			defaultConfigurationIsVisible = 0;
			defaultConfigurationName = Release;
		};
/* End XCConfigurationList section */
	};
	rootObject = 104D0B1C19CDD5C6005EAB07 /* Project object */;
}
